
Microsoft Visual Studio Solution File, Format Version 12.00
# Visual Studio Version 17
VisualStudioVersion = 17.3.32825.248
MinimumVisualStudioVersion = 10.0.40219.1
Project("{FAE04EC0-301F-11D3-BF4B-00C04F79EFBC}") = "Practice2", "Practice2\Practice2.csproj", "{0BE32D6A-E8BC-4DB8-BCEC-B5F90B87E93D}"
EndProject
Global
	GlobalSection(SolutionConfigurationPlatforms) = preSolution
		Debug|Any CPU = Debug|Any CPU
		Release|Any CPU = Release|Any CPU
	EndGlobalSection
	GlobalSection(ProjectConfigurationPlatforms) = postSolution
		{0BE32D6A-E8BC-4DB8-BCEC-B5F90B87E93D}.Debug|Any CPU.ActiveCfg = Debug|Any CPU
		{0BE32D6A-E8BC-4DB8-BCEC-B5F90B87E93D}.Debug|Any CPU.Build.0 = Debug|Any CPU
		{0BE32D6A-E8BC-4DB8-BCEC-B5F90B87E93D}.Release|Any CPU.ActiveCfg = Release|Any CPU
		{0BE32D6A-E8BC-4DB8-BCEC-B5F90B87E93D}.Release|Any CPU.Build.0 = Release|Any CPU
	EndGlobalSection
	GlobalSection(SolutionProperties) = preSolution
		HideSolutionNode = FALSE
	EndGlobalSection
	GlobalSection(ExtensibilityGlobals) = postSolution
		SolutionGuid = {CDDC5691-ACE2-4373-B8FB-F1FFAA73E10F}
	EndGlobalSection
EndGlobal
